
Microsoft Visual Studio Solution File, Format Version 12.00
# Visual Studio Version 17
VisualStudioVersion = 17.9.34616.47
MinimumVisualStudioVersion = 10.0.40219.1
Project("{9A19103F-16F7-4668-BE54-9A1E7A4F7556}") = "VacancyManagement.DataAccess", "VacancyManagement.DataAccess\VacancyManagement.DataAccess.csproj", "{128A0AD8-CC63-411F-9071-BF2EE1F744F6}"
EndProject
Project("{9A19103F-16F7-4668-BE54-9A1E7A4F7556}") = "VacancyManagement.Domain", "VacancyManagement.Domain\VacancyManagement.Domain.csproj", "{B030B8C8-30A0-4CC1-841B-5242EF7A4187}"
EndProject
Project("{9A19103F-16F7-4668-BE54-9A1E7A4F7556}") = "VacancyManagement.API", "VacancyManagement.API\VacancyManagement.API.csproj", "{C48940BD-7240-4B26-BD07-54645D6EA44E}"
EndProject
Project("{9A19103F-16F7-4668-BE54-9A1E7A4F7556}") = "VacancyManagement.Web", "VacancyManagement.Web\VacancyManagement.Web.csproj", "{6A83E607-B907-4E25-AA62-B1FC4EE49ABC}"
EndProject
Global
	GlobalSection(SolutionConfigurationPlatforms) = preSolution
		Debug|Any CPU = Debug|Any CPU
		Release|Any CPU = Release|Any CPU
	EndGlobalSection
	GlobalSection(ProjectConfigurationPlatforms) = postSolution
		{128A0AD8-CC63-411F-9071-BF2EE1F744F6}.Debug|Any CPU.ActiveCfg = Debug|Any CPU
		{128A0AD8-CC63-411F-9071-BF2EE1F744F6}.Debug|Any CPU.Build.0 = Debug|Any CPU
		{128A0AD8-CC63-411F-9071-BF2EE1F744F6}.Release|Any CPU.ActiveCfg = Release|Any CPU
		{128A0AD8-CC63-411F-9071-BF2EE1F744F6}.Release|Any CPU.Build.0 = Release|Any CPU
		{B030B8C8-30A0-4CC1-841B-5242EF7A4187}.Debug|Any CPU.ActiveCfg = Debug|Any CPU
		{B030B8C8-30A0-4CC1-841B-5242EF7A4187}.Debug|Any CPU.Build.0 = Debug|Any CPU
		{B030B8C8-30A0-4CC1-841B-5242EF7A4187}.Release|Any CPU.ActiveCfg = Release|Any CPU
		{B030B8C8-30A0-4CC1-841B-5242EF7A4187}.Release|Any CPU.Build.0 = Release|Any CPU
		{C48940BD-7240-4B26-BD07-54645D6EA44E}.Debug|Any CPU.ActiveCfg = Debug|Any CPU
		{C48940BD-7240-4B26-BD07-54645D6EA44E}.Debug|Any CPU.Build.0 = Debug|Any CPU
		{C48940BD-7240-4B26-BD07-54645D6EA44E}.Release|Any CPU.ActiveCfg = Release|Any CPU
		{C48940BD-7240-4B26-BD07-54645D6EA44E}.Release|Any CPU.Build.0 = Release|Any CPU
		{6A83E607-B907-4E25-AA62-B1FC4EE49ABC}.Debug|Any CPU.ActiveCfg = Debug|Any CPU
		{6A83E607-B907-4E25-AA62-B1FC4EE49ABC}.Debug|Any CPU.Build.0 = Debug|Any CPU
		{6A83E607-B907-4E25-AA62-B1FC4EE49ABC}.Release|Any CPU.ActiveCfg = Release|Any CPU
		{6A83E607-B907-4E25-AA62-B1FC4EE49ABC}.Release|Any CPU.Build.0 = Release|Any CPU
	EndGlobalSection
	GlobalSection(SolutionProperties) = preSolution
		HideSolutionNode = FALSE
	EndGlobalSection
	GlobalSection(ExtensibilityGlobals) = postSolution
		SolutionGuid = {60C63404-F76A-46F2-BD89-49D0989C8B46}
	EndGlobalSection
EndGlobal
